// !$*UTF8*$!
{
	archiveVersion = 1;
	classes = {
	};
	objectVersion = 51;
	objects = {

/* Begin PBXBuildFile section */
		173E39BD2311CD04001191B2 /* IVAViewController.swift in Sources */ = {isa = PBXBuildFile; fileRef = 173E39BC2311CD04001191B2 /* IVAViewController.swift */; };
		3B620022DCA693D42B1E7280 /* Pods_RetoHack.framework in Frameworks */ = {isa = PBXBuildFile; fileRef = B849558A77AA69B33AF3A7FC /* Pods_RetoHack.framework */; };
		A91480892312E62200122ECE /* LogInViewController.m in Sources */ = {isa = PBXBuildFile; fileRef = A91480882312E62200122ECE /* LogInViewController.m */; };
		A92D9D162312C0F5008EF484 /* VentasCollectionViewCell.swift in Sources */ = {isa = PBXBuildFile; fileRef = A92D9D142312C0F5008EF484 /* VentasCollectionViewCell.swift */; };
		A92D9D172312C0F5008EF484 /* VentasCollectionViewCell.xib in Resources */ = {isa = PBXBuildFile; fileRef = A92D9D152312C0F5008EF484 /* VentasCollectionViewCell.xib */; };
		A92D9D1A2312C1AE008EF484 /* VentasDetalleCollectionViewCell.swift in Sources */ = {isa = PBXBuildFile; fileRef = A92D9D182312C1AE008EF484 /* VentasDetalleCollectionViewCell.swift */; };
		A92D9D1B2312C1AE008EF484 /* VentasDetalleCollectionViewCell.xib in Resources */ = {isa = PBXBuildFile; fileRef = A92D9D192312C1AE008EF484 /* VentasDetalleCollectionViewCell.xib */; };
		A9309FF7231266750084A6B7 /* IVATableViewCell.swift in Sources */ = {isa = PBXBuildFile; fileRef = A9309FF5231266750084A6B7 /* IVATableViewCell.swift */; };
		A9309FF8231266750084A6B7 /* IVATableViewCell.xib in Resources */ = {isa = PBXBuildFile; fileRef = A9309FF6231266750084A6B7 /* IVATableViewCell.xib */; };
		A9309FFA2312A2C20084A6B7 /* APIManager.swift in Sources */ = {isa = PBXBuildFile; fileRef = A9309FF92312A2C20084A6B7 /* APIManager.swift */; };
		A9C733B42311B28A0074D187 /* AppDelegate.swift in Sources */ = {isa = PBXBuildFile; fileRef = A9C733B32311B28A0074D187 /* AppDelegate.swift */; };
		A9C733B92311B28A0074D187 /* Main.storyboard in Resources */ = {isa = PBXBuildFile; fileRef = A9C733B72311B28A0074D187 /* Main.storyboard */; };
		A9C733BC2311B28A0074D187 /* RetoHack.xcdatamodeld in Sources */ = {isa = PBXBuildFile; fileRef = A9C733BA2311B28A0074D187 /* RetoHack.xcdatamodeld */; };
		A9C733BE2311B28D0074D187 /* Assets.xcassets in Resources */ = {isa = PBXBuildFile; fileRef = A9C733BD2311B28D0074D187 /* Assets.xcassets */; };
		A9C733C12311B28D0074D187 /* LaunchScreen.storyboard in Resources */ = {isa = PBXBuildFile; fileRef = A9C733BF2311B28D0074D187 /* LaunchScreen.storyboard */; };
		A9C733CF2311D3210074D187 /* FacturacionCollectionViewCell.swift in Sources */ = {isa = PBXBuildFile; fileRef = A9C733CD2311D3210074D187 /* FacturacionCollectionViewCell.swift */; };
		A9C733D02311D3210074D187 /* FacturacionCollectionViewCell.xib in Resources */ = {isa = PBXBuildFile; fileRef = A9C733CE2311D3210074D187 /* FacturacionCollectionViewCell.xib */; };
		A9C733D62311D9280074D187 /* FacturacionViewController.m in Sources */ = {isa = PBXBuildFile; fileRef = A9C733D52311D9280074D187 /* FacturacionViewController.m */; };
		A9C733D92312041A0074D187 /* GastosViewController.m in Sources */ = {isa = PBXBuildFile; fileRef = A9C733D82312041A0074D187 /* GastosViewController.m */; };
		A9C733E2231204BF0074D187 /* VentasViewController.m in Sources */ = {isa = PBXBuildFile; fileRef = A9C733E1231204BF0074D187 /* VentasViewController.m */; };
		A9C733E52312095C0074D187 /* ClientesTableViewCell.swift in Sources */ = {isa = PBXBuildFile; fileRef = A9C733E32312095C0074D187 /* ClientesTableViewCell.swift */; };
		A9C733E62312095C0074D187 /* ClientesTableViewCell.xib in Resources */ = {isa = PBXBuildFile; fileRef = A9C733E42312095C0074D187 /* ClientesTableViewCell.xib */; };
		A9C733E923120F8E0074D187 /* ClientesViewController.m in Sources */ = {isa = PBXBuildFile; fileRef = A9C733E823120F8E0074D187 /* ClientesViewController.m */; };
		A9C733EC2312141B0074D187 /* GastosCollectionViewCell.swift in Sources */ = {isa = PBXBuildFile; fileRef = A9C733EA2312141B0074D187 /* GastosCollectionViewCell.swift */; };
		A9C733ED2312141B0074D187 /* GastosCollectionViewCell.xib in Resources */ = {isa = PBXBuildFile; fileRef = A9C733EB2312141B0074D187 /* GastosCollectionViewCell.xib */; };
		A9C733F32312190C0074D187 /* GastosResumenCollectionViewCell.swift in Sources */ = {isa = PBXBuildFile; fileRef = A9C733F12312190C0074D187 /* GastosResumenCollectionViewCell.swift */; };
		A9C733F42312190C0074D187 /* GastosResumenCollectionViewCell.xib in Resources */ = {isa = PBXBuildFile; fileRef = A9C733F22312190C0074D187 /* GastosResumenCollectionViewCell.xib */; };
		A9C733F7231221B00074D187 /* GastoTableViewCell.swift in Sources */ = {isa = PBXBuildFile; fileRef = A9C733F5231221B00074D187 /* GastoTableViewCell.swift */; };
		A9C733F8231221B00074D187 /* GastoTableViewCell.xib in Resources */ = {isa = PBXBuildFile; fileRef = A9C733F6231221B00074D187 /* GastoTableViewCell.xib */; };
		A9C733FA2312297E0074D187 /* TabBar.swift in Sources */ = {isa = PBXBuildFile; fileRef = A9C733F92312297E0074D187 /* TabBar.swift */; };
/* End PBXBuildFile section */

/* Begin PBXFileReference section */
		173E39BC2311CD04001191B2 /* IVAViewController.swift */ = {isa = PBXFileReference; lastKnownFileType = sourcecode.swift; path = IVAViewController.swift; sourceTree = "<group>"; };
		46A0295A80D5E07AC0C3E5BD /* Pods-RetoHack.release.xcconfig */ = {isa = PBXFileReference; includeInIndex = 1; lastKnownFileType = text.xcconfig; name = "Pods-RetoHack.release.xcconfig"; path = "Target Support Files/Pods-RetoHack/Pods-RetoHack.release.xcconfig"; sourceTree = "<group>"; };
		974D2671A2263EECDEF58DB9 /* Pods-RetoHack.debug.xcconfig */ = {isa = PBXFileReference; includeInIndex = 1; lastKnownFileType = text.xcconfig; name = "Pods-RetoHack.debug.xcconfig"; path = "Target Support Files/Pods-RetoHack/Pods-RetoHack.debug.xcconfig"; sourceTree = "<group>"; };
		A91480872312E62200122ECE /* LogInViewController.h */ = {isa = PBXFileReference; lastKnownFileType = sourcecode.c.h; path = LogInViewController.h; sourceTree = "<group>"; };
		A91480882312E62200122ECE /* LogInViewController.m */ = {isa = PBXFileReference; lastKnownFileType = sourcecode.c.objc; path = LogInViewController.m; sourceTree = "<group>"; };
		A92D9D142312C0F5008EF484 /* VentasCollectionViewCell.swift */ = {isa = PBXFileReference; lastKnownFileType = sourcecode.swift; path = VentasCollectionViewCell.swift; sourceTree = "<group>"; };
		A92D9D152312C0F5008EF484 /* VentasCollectionViewCell.xib */ = {isa = PBXFileReference; lastKnownFileType = file.xib; path = VentasCollectionViewCell.xib; sourceTree = "<group>"; };
		A92D9D182312C1AE008EF484 /* VentasDetalleCollectionViewCell.swift */ = {isa = PBXFileReference; lastKnownFileType = sourcecode.swift; path = VentasDetalleCollectionViewCell.swift; sourceTree = "<group>"; };
		A92D9D192312C1AE008EF484 /* VentasDetalleCollectionViewCell.xib */ = {isa = PBXFileReference; lastKnownFileType = file.xib; path = VentasDetalleCollectionViewCell.xib; sourceTree = "<group>"; };
		A9309FF5231266750084A6B7 /* IVATableViewCell.swift */ = {isa = PBXFileReference; lastKnownFileType = sourcecode.swift; path = IVATableViewCell.swift; sourceTree = "<group>"; };
		A9309FF6231266750084A6B7 /* IVATableViewCell.xib */ = {isa = PBXFileReference; lastKnownFileType = file.xib; path = IVATableViewCell.xib; sourceTree = "<group>"; };
		A9309FF92312A2C20084A6B7 /* APIManager.swift */ = {isa = PBXFileReference; lastKnownFileType = sourcecode.swift; path = APIManager.swift; sourceTree = "<group>"; };
		A9C733B02311B28A0074D187 /* RetoHack.app */ = {isa = PBXFileReference; explicitFileType = wrapper.application; includeInIndex = 0; path = RetoHack.app; sourceTree = BUILT_PRODUCTS_DIR; };
		A9C733B32311B28A0074D187 /* AppDelegate.swift */ = {isa = PBXFileReference; lastKnownFileType = sourcecode.swift; path = AppDelegate.swift; sourceTree = "<group>"; };
		A9C733B82311B28A0074D187 /* Base */ = {isa = PBXFileReference; lastKnownFileType = file.storyboard; name = Base; path = Base.lproj/Main.storyboard; sourceTree = "<group>"; };
		A9C733BB2311B28A0074D187 /* RetoHack.xcdatamodel */ = {isa = PBXFileReference; lastKnownFileType = wrapper.xcdatamodel; path = RetoHack.xcdatamodel; sourceTree = "<group>"; };
		A9C733BD2311B28D0074D187 /* Assets.xcassets */ = {isa = PBXFileReference; lastKnownFileType = folder.assetcatalog; path = Assets.xcassets; sourceTree = "<group>"; };
		A9C733C02311B28D0074D187 /* Base */ = {isa = PBXFileReference; lastKnownFileType = file.storyboard; name = Base; path = Base.lproj/LaunchScreen.storyboard; sourceTree = "<group>"; };
		A9C733C22311B28D0074D187 /* Info.plist */ = {isa = PBXFileReference; lastKnownFileType = text.plist.xml; path = Info.plist; sourceTree = "<group>"; };
		A9C733CD2311D3210074D187 /* FacturacionCollectionViewCell.swift */ = {isa = PBXFileReference; lastKnownFileType = sourcecode.swift; path = FacturacionCollectionViewCell.swift; sourceTree = "<group>"; };
		A9C733CE2311D3210074D187 /* FacturacionCollectionViewCell.xib */ = {isa = PBXFileReference; lastKnownFileType = file.xib; path = FacturacionCollectionViewCell.xib; sourceTree = "<group>"; };
		A9C733D32311D9280074D187 /* RetoHack-Bridging-Header.h */ = {isa = PBXFileReference; lastKnownFileType = sourcecode.c.h; path = "RetoHack-Bridging-Header.h"; sourceTree = "<group>"; };
		A9C733D42311D9280074D187 /* FacturacionViewController.h */ = {isa = PBXFileReference; lastKnownFileType = sourcecode.c.h; path = FacturacionViewController.h; sourceTree = "<group>"; };
		A9C733D52311D9280074D187 /* FacturacionViewController.m */ = {isa = PBXFileReference; lastKnownFileType = sourcecode.c.objc; path = FacturacionViewController.m; sourceTree = "<group>"; };
		A9C733D72312041A0074D187 /* GastosViewController.h */ = {isa = PBXFileReference; lastKnownFileType = sourcecode.c.h; path = GastosViewController.h; sourceTree = "<group>"; };
		A9C733D82312041A0074D187 /* GastosViewController.m */ = {isa = PBXFileReference; lastKnownFileType = sourcecode.c.objc; path = GastosViewController.m; sourceTree = "<group>"; };
		A9C733E0231204BF0074D187 /* VentasViewController.h */ = {isa = PBXFileReference; lastKnownFileType = sourcecode.c.h; path = VentasViewController.h; sourceTree = "<group>"; };
		A9C733E1231204BF0074D187 /* VentasViewController.m */ = {isa = PBXFileReference; lastKnownFileType = sourcecode.c.objc; path = VentasViewController.m; sourceTree = "<group>"; };
		A9C733E32312095C0074D187 /* ClientesTableViewCell.swift */ = {isa = PBXFileReference; lastKnownFileType = sourcecode.swift; path = ClientesTableViewCell.swift; sourceTree = "<group>"; };
		A9C733E42312095C0074D187 /* ClientesTableViewCell.xib */ = {isa = PBXFileReference; lastKnownFileType = file.xib; path = ClientesTableViewCell.xib; sourceTree = "<group>"; };
		A9C733E723120F8E0074D187 /* ClientesViewController.h */ = {isa = PBXFileReference; lastKnownFileType = sourcecode.c.h; path = ClientesViewController.h; sourceTree = "<group>"; };
		A9C733E823120F8E0074D187 /* ClientesViewController.m */ = {isa = PBXFileReference; lastKnownFileType = sourcecode.c.objc; path = ClientesViewController.m; sourceTree = "<group>"; };
		A9C733EA2312141B0074D187 /* GastosCollectionViewCell.swift */ = {isa = PBXFileReference; lastKnownFileType = sourcecode.swift; path = GastosCollectionViewCell.swift; sourceTree = "<group>"; };
		A9C733EB2312141B0074D187 /* GastosCollectionViewCell.xib */ = {isa = PBXFileReference; lastKnownFileType = file.xib; path = GastosCollectionViewCell.xib; sourceTree = "<group>"; };
		A9C733F12312190C0074D187 /* GastosResumenCollectionViewCell.swift */ = {isa = PBXFileReference; lastKnownFileType = sourcecode.swift; path = GastosResumenCollectionViewCell.swift; sourceTree = "<group>"; };
		A9C733F22312190C0074D187 /* GastosResumenCollectionViewCell.xib */ = {isa = PBXFileReference; lastKnownFileType = file.xib; path = GastosResumenCollectionViewCell.xib; sourceTree = "<group>"; };
		A9C733F5231221B00074D187 /* GastoTableViewCell.swift */ = {isa = PBXFileReference; lastKnownFileType = sourcecode.swift; path = GastoTableViewCell.swift; sourceTree = "<group>"; };
		A9C733F6231221B00074D187 /* GastoTableViewCell.xib */ = {isa = PBXFileReference; lastKnownFileType = file.xib; path = GastoTableViewCell.xib; sourceTree = "<group>"; };
		A9C733F92312297E0074D187 /* TabBar.swift */ = {isa = PBXFileReference; lastKnownFileType = sourcecode.swift; path = TabBar.swift; sourceTree = "<group>"; };
		B849558A77AA69B33AF3A7FC /* Pods_RetoHack.framework */ = {isa = PBXFileReference; explicitFileType = wrapper.framework; includeInIndex = 0; path = Pods_RetoHack.framework; sourceTree = BUILT_PRODUCTS_DIR; };
/* End PBXFileReference section */

/* Begin PBXFrameworksBuildPhase section */
		A9C733AD2311B28A0074D187 /* Frameworks */ = {
			isa = PBXFrameworksBuildPhase;
			buildActionMask = 2147483647;
			files = (
				3B620022DCA693D42B1E7280 /* Pods_RetoHack.framework in Frameworks */,
			);
			runOnlyForDeploymentPostprocessing = 0;
		};
/* End PBXFrameworksBuildPhase section */

/* Begin PBXGroup section */
		096B14E75FC81E8A4FC5AF93 /* Pods */ = {
			isa = PBXGroup;
			children = (
				974D2671A2263EECDEF58DB9 /* Pods-RetoHack.debug.xcconfig */,
				46A0295A80D5E07AC0C3E5BD /* Pods-RetoHack.release.xcconfig */,
			);
			path = Pods;
			sourceTree = "<group>";
		};
		173E39B82311CBEA001191B2 /* Models */ = {
			isa = PBXGroup;
			children = (
			);
			path = Models;
			sourceTree = "<group>";
		};
		173E39B92311CBF8001191B2 /* Controllers */ = {
			isa = PBXGroup;
			children = (
				173E39BB2311CCC7001191B2 /* MainViews */,
				A91480872312E62200122ECE /* LogInViewController.h */,
				A91480882312E62200122ECE /* LogInViewController.m */,
			);
			path = Controllers;
			sourceTree = "<group>";
		};
		173E39BB2311CCC7001191B2 /* MainViews */ = {
			isa = PBXGroup;
			children = (
				173E39BC2311CD04001191B2 /* IVAViewController.swift */,
				A9C733D42311D9280074D187 /* FacturacionViewController.h */,
				A9C733D52311D9280074D187 /* FacturacionViewController.m */,
				A9C733D72312041A0074D187 /* GastosViewController.h */,
				A9C733D82312041A0074D187 /* GastosViewController.m */,
				A9C733E0231204BF0074D187 /* VentasViewController.h */,
				A9C733E1231204BF0074D187 /* VentasViewController.m */,
				A9C733E723120F8E0074D187 /* ClientesViewController.h */,
				A9C733E823120F8E0074D187 /* ClientesViewController.m */,
				A9C733F92312297E0074D187 /* TabBar.swift */,
			);
			path = MainViews;
			sourceTree = "<group>";
		};
		8F1AA582E929C5D4CE389A3C /* Frameworks */ = {
			isa = PBXGroup;
			children = (
				B849558A77AA69B33AF3A7FC /* Pods_RetoHack.framework */,
			);
			name = Frameworks;
			sourceTree = "<group>";
		};
		A9C733A72311B28A0074D187 = {
			isa = PBXGroup;
			children = (
				A9C733B22311B28A0074D187 /* RetoHack */,
				A9C733B12311B28A0074D187 /* Products */,
				096B14E75FC81E8A4FC5AF93 /* Pods */,
				8F1AA582E929C5D4CE389A3C /* Frameworks */,
			);
			sourceTree = "<group>";
		};
		A9C733B12311B28A0074D187 /* Products */ = {
			isa = PBXGroup;
			children = (
				A9C733B02311B28A0074D187 /* RetoHack.app */,
			);
			name = Products;
			sourceTree = "<group>";
		};
		A9C733B22311B28A0074D187 /* RetoHack */ = {
			isa = PBXGroup;
			children = (
				A9C733CB2311D2E20074D187 /* Helpers */,
				A9C733CA2311D22C0074D187 /* Cells */,
				173E39B92311CBF8001191B2 /* Controllers */,
				173E39B82311CBEA001191B2 /* Models */,
				A9C733B32311B28A0074D187 /* AppDelegate.swift */,
				A9C733B72311B28A0074D187 /* Main.storyboard */,
				A9C733BD2311B28D0074D187 /* Assets.xcassets */,
				A9C733BF2311B28D0074D187 /* LaunchScreen.storyboard */,
				A9C733D32311D9280074D187 /* RetoHack-Bridging-Header.h */,
				A9C733C22311B28D0074D187 /* Info.plist */,
				A9C733BA2311B28A0074D187 /* RetoHack.xcdatamodeld */,
			);
			path = RetoHack;
			sourceTree = "<group>";
		};
		A9C733CA2311D22C0074D187 /* Cells */ = {
			isa = PBXGroup;
			children = (
				A9C733CD2311D3210074D187 /* FacturacionCollectionViewCell.swift */,
				A9C733CE2311D3210074D187 /* FacturacionCollectionViewCell.xib */,
				A9C733E32312095C0074D187 /* ClientesTableViewCell.swift */,
				A9C733E42312095C0074D187 /* ClientesTableViewCell.xib */,
				A9C733EA2312141B0074D187 /* GastosCollectionViewCell.swift */,
				A9C733EB2312141B0074D187 /* GastosCollectionViewCell.xib */,
				A9C733F12312190C0074D187 /* GastosResumenCollectionViewCell.swift */,
				A9C733F22312190C0074D187 /* GastosResumenCollectionViewCell.xib */,
				A9C733F5231221B00074D187 /* GastoTableViewCell.swift */,
				A9C733F6231221B00074D187 /* GastoTableViewCell.xib */,
				A9309FF5231266750084A6B7 /* IVATableViewCell.swift */,
				A9309FF6231266750084A6B7 /* IVATableViewCell.xib */,
				A92D9D142312C0F5008EF484 /* VentasCollectionViewCell.swift */,
				A92D9D152312C0F5008EF484 /* VentasCollectionViewCell.xib */,
				A92D9D182312C1AE008EF484 /* VentasDetalleCollectionViewCell.swift */,
				A92D9D192312C1AE008EF484 /* VentasDetalleCollectionViewCell.xib */,
			);
			path = Cells;
			sourceTree = "<group>";
		};
		A9C733CB2311D2E20074D187 /* Helpers */ = {
			isa = PBXGroup;
			children = (
				A9309FF92312A2C20084A6B7 /* APIManager.swift */,
			);
			path = Helpers;
			sourceTree = "<group>";
		};
/* End PBXGroup section */

/* Begin PBXNativeTarget section */
		A9C733AF2311B28A0074D187 /* RetoHack */ = {
			isa = PBXNativeTarget;
			buildConfigurationList = A9C733C52311B28D0074D187 /* Build configuration list for PBXNativeTarget "RetoHack" */;
			buildPhases = (
				A55888D09635A2427A3DD8C9 /* [CP] Check Pods Manifest.lock */,
				A9C733AC2311B28A0074D187 /* Sources */,
				A9C733AD2311B28A0074D187 /* Frameworks */,
				A9C733AE2311B28A0074D187 /* Resources */,
				0DC824605730BAB5A2F5EF1E /* [CP] Embed Pods Frameworks */,
			);
			buildRules = (
			);
			dependencies = (
			);
			name = RetoHack;
			productName = RetoHack;
			productReference = A9C733B02311B28A0074D187 /* RetoHack.app */;
			productType = "com.apple.product-type.application";
		};
/* End PBXNativeTarget section */

/* Begin PBXProject section */
		A9C733A82311B28A0074D187 /* Project object */ = {
			isa = PBXProject;
			attributes = {
				LastSwiftUpdateCheck = 1020;
				LastUpgradeCheck = 1020;
				ORGANIZATIONNAME = "Alejandro Hernandez";
				TargetAttributes = {
					A9C733AF2311B28A0074D187 = {
						CreatedOnToolsVersion = 10.2.1;
						LastSwiftMigration = 1020;
					};
				};
			};
			buildConfigurationList = A9C733AB2311B28A0074D187 /* Build configuration list for PBXProject "RetoHack" */;
			compatibilityVersion = "Xcode 9.3";
			developmentRegion = en;
			hasScannedForEncodings = 0;
			knownRegions = (
				en,
				Base,
			);
			mainGroup = A9C733A72311B28A0074D187;
			productRefGroup = A9C733B12311B28A0074D187 /* Products */;
			projectDirPath = "";
			projectRoot = "";
			targets = (
				A9C733AF2311B28A0074D187 /* RetoHack */,
			);
		};
/* End PBXProject section */

/* Begin PBXResourcesBuildPhase section */
		A9C733AE2311B28A0074D187 /* Resources */ = {
			isa = PBXResourcesBuildPhase;
			buildActionMask = 2147483647;
			files = (
				A9C733F8231221B00074D187 /* GastoTableViewCell.xib in Resources */,
				A9C733F42312190C0074D187 /* GastosResumenCollectionViewCell.xib in Resources */,
				A92D9D1B2312C1AE008EF484 /* VentasDetalleCollectionViewCell.xib in Resources */,
				A9C733E62312095C0074D187 /* ClientesTableViewCell.xib in Resources */,
				A9C733D02311D3210074D187 /* FacturacionCollectionViewCell.xib in Resources */,
				A9C733C12311B28D0074D187 /* LaunchScreen.storyboard in Resources */,
				A9C733ED2312141B0074D187 /* GastosCollectionViewCell.xib in Resources */,
				A9C733BE2311B28D0074D187 /* Assets.xcassets in Resources */,
				A92D9D172312C0F5008EF484 /* VentasCollectionViewCell.xib in Resources */,
				A9309FF8231266750084A6B7 /* IVATableViewCell.xib in Resources */,
				A9C733B92311B28A0074D187 /* Main.storyboard in Resources */,
			);
			runOnlyForDeploymentPostprocessing = 0;
		};
/* End PBXResourcesBuildPhase section */

/* Begin PBXShellScriptBuildPhase section */
		0DC824605730BAB5A2F5EF1E /* [CP] Embed Pods Frameworks */ = {
			isa = PBXShellScriptBuildPhase;
			buildActionMask = 2147483647;
			files = (
			);
			inputFileListPaths = (
				"${PODS_ROOT}/Target Support Files/Pods-RetoHack/Pods-RetoHack-frameworks-${CONFIGURATION}-input-files.xcfilelist",
			);
			name = "[CP] Embed Pods Frameworks";
			outputFileListPaths = (
				"${PODS_ROOT}/Target Support Files/Pods-RetoHack/Pods-RetoHack-frameworks-${CONFIGURATION}-output-files.xcfilelist",
			);
			runOnlyForDeploymentPostprocessing = 0;
			shellPath = /bin/sh;
			shellScript = "\"${PODS_ROOT}/Target Support Files/Pods-RetoHack/Pods-RetoHack-frameworks.sh\"\n";
			showEnvVarsInLog = 0;
		};
		A55888D09635A2427A3DD8C9 /* [CP] Check Pods Manifest.lock */ = {
			isa = PBXShellScriptBuildPhase;
			buildActionMask = 2147483647;
			files = (
			);
			inputFileListPaths = (
			);
			inputPaths = (
				"${PODS_PODFILE_DIR_PATH}/Podfile.lock",
				"${PODS_ROOT}/Manifest.lock",
			);
			name = "[CP] Check Pods Manifest.lock";
			outputFileListPaths = (
			);
			outputPaths = (
				"$(DERIVED_FILE_DIR)/Pods-RetoHack-checkManifestLockResult.txt",
			);
			runOnlyForDeploymentPostprocessing = 0;
			shellPath = /bin/sh;
			shellScript = "diff \"${PODS_PODFILE_DIR_PATH}/Podfile.lock\" \"${PODS_ROOT}/Manifest.lock\" > /dev/null\nif [ $? != 0 ] ; then\n    # print error to STDERR\n    echo \"error: The sandbox is not in sync with the Podfile.lock. Run 'pod install' or update your CocoaPods installation.\" >&2\n    exit 1\nfi\n# This output is used by Xcode 'outputs' to avoid re-running this script phase.\necho \"SUCCESS\" > \"${SCRIPT_OUTPUT_FILE_0}\"\n";
			showEnvVarsInLog = 0;
		};
/* End PBXShellScriptBuildPhase section */

/* Begin PBXSourcesBuildPhase section */
		A9C733AC2311B28A0074D187 /* Sources */ = {
			isa = PBXSourcesBuildPhase;
			buildActionMask = 2147483647;
			files = (
				A9C733E923120F8E0074D187 /* ClientesViewController.m in Sources */,
				A9C733E52312095C0074D187 /* ClientesTableViewCell.swift in Sources */,
				A9C733CF2311D3210074D187 /* FacturacionCollectionViewCell.swift in Sources */,
				A9C733E2231204BF0074D187 /* VentasViewController.m in Sources */,
				A9309FF7231266750084A6B7 /* IVATableViewCell.swift in Sources */,
				A92D9D162312C0F5008EF484 /* VentasCollectionViewCell.swift in Sources */,
				173E39BD2311CD04001191B2 /* IVAViewController.swift in Sources */,
				A9C733D62311D9280074D187 /* FacturacionViewController.m in Sources */,
				A92D9D1A2312C1AE008EF484 /* VentasDetalleCollectionViewCell.swift in Sources */,
				A9C733BC2311B28A0074D187 /* RetoHack.xcdatamodeld in Sources */,
				A9C733B42311B28A0074D187 /* AppDelegate.swift in Sources */,
				A91480892312E62200122ECE /* LogInViewController.m in Sources */,
				A9C733F7231221B00074D187 /* GastoTableViewCell.swift in Sources */,
				A9C733FA2312297E0074D187 /* TabBar.swift in Sources */,
				A9309FFA2312A2C20084A6B7 /* APIManager.swift in Sources */,
				A9C733D92312041A0074D187 /* GastosViewController.m in Sources */,
				A9C733F32312190C0074D187 /* GastosResumenCollectionViewCell.swift in Sources */,
				A9C733EC2312141B0074D187 /* GastosCollectionViewCell.swift in Sources */,
			);
			runOnlyForDeploymentPostprocessing = 0;
		};
/* End PBXSourcesBuildPhase section */

/* Begin PBXVariantGroup section */
		A9C733B72311B28A0074D187 /* Main.storyboard */ = {
			isa = PBXVariantGroup;
			children = (
				A9C733B82311B28A0074D187 /* Base */,
			);
			name = Main.storyboard;
			sourceTree = "<group>";
		};
		A9C733BF2311B28D0074D187 /* LaunchScreen.storyboard */ = {
			isa = PBXVariantGroup;
			children = (
				A9C733C02311B28D0074D187 /* Base */,
			);
			name = LaunchScreen.storyboard;
			sourceTree = "<group>";
		};
/* End PBXVariantGroup section */

/* Begin XCBuildConfiguration section */
		A9C733C32311B28D0074D187 /* Debug */ = {
			isa = XCBuildConfiguration;
			buildSettings = {
				ALWAYS_SEARCH_USER_PATHS = NO;
				CLANG_ANALYZER_NONNULL = YES;
				CLANG_ANALYZER_NUMBER_OBJECT_CONVERSION = YES_AGGRESSIVE;
				CLANG_CXX_LANGUAGE_STANDARD = "gnu++14";
				CLANG_CXX_LIBRARY = "libc++";
				CLANG_ENABLE_MODULES = YES;
				CLANG_ENABLE_OBJC_ARC = YES;
				CLANG_ENABLE_OBJC_WEAK = YES;
				CLANG_WARN_BLOCK_CAPTURE_AUTORELEASING = YES;
				CLANG_WARN_BOOL_CONVERSION = YES;
				CLANG_WARN_COMMA = YES;
				CLANG_WARN_CONSTANT_CONVERSION = YES;
				CLANG_WARN_DEPRECATED_OBJC_IMPLEMENTATIONS = YES;
				CLANG_WARN_DIRECT_OBJC_ISA_USAGE = YES_ERROR;
				CLANG_WARN_DOCUMENTATION_COMMENTS = YES;
				CLANG_WARN_EMPTY_BODY = YES;
				CLANG_WARN_ENUM_CONVERSION = YES;
				CLANG_WARN_INFINITE_RECURSION = YES;
				CLANG_WARN_INT_CONVERSION = YES;
				CLANG_WARN_NON_LITERAL_NULL_CONVERSION = YES;
				CLANG_WARN_OBJC_IMPLICIT_RETAIN_SELF = YES;
				CLANG_WARN_OBJC_LITERAL_CONVERSION = YES;
				CLANG_WARN_OBJC_ROOT_CLASS = YES_ERROR;
				CLANG_WARN_RANGE_LOOP_ANALYSIS = YES;
				CLANG_WARN_STRICT_PROTOTYPES = YES;
				CLANG_WARN_SUSPICIOUS_MOVE = YES;
				CLANG_WARN_UNGUARDED_AVAILABILITY = YES_AGGRESSIVE;
				CLANG_WARN_UNREACHABLE_CODE = YES;
				CLANG_WARN__DUPLICATE_METHOD_MATCH = YES;
				CODE_SIGN_IDENTITY = "iPhone Developer";
				COPY_PHASE_STRIP = NO;
				DEBUG_INFORMATION_FORMAT = dwarf;
				ENABLE_STRICT_OBJC_MSGSEND = YES;
				ENABLE_TESTABILITY = YES;
				GCC_C_LANGUAGE_STANDARD = gnu11;
				GCC_DYNAMIC_NO_PIC = NO;
				GCC_NO_COMMON_BLOCKS = YES;
				GCC_OPTIMIZATION_LEVEL = 0;
				GCC_PREPROCESSOR_DEFINITIONS = (
					"DEBUG=1",
					"$(inherited)",
				);
				GCC_WARN_64_TO_32_BIT_CONVERSION = YES;
				GCC_WARN_ABOUT_RETURN_TYPE = YES_ERROR;
				GCC_WARN_UNDECLARED_SELECTOR = YES;
				GCC_WARN_UNINITIALIZED_AUTOS = YES_AGGRESSIVE;
				GCC_WARN_UNUSED_FUNCTION = YES;
				GCC_WARN_UNUSED_VARIABLE = YES;
				IPHONEOS_DEPLOYMENT_TARGET = 12.2;
				MTL_ENABLE_DEBUG_INFO = INCLUDE_SOURCE;
				MTL_FAST_MATH = YES;
				ONLY_ACTIVE_ARCH = YES;
				SDKROOT = iphoneos;
				SWIFT_ACTIVE_COMPILATION_CONDITIONS = DEBUG;
				SWIFT_OPTIMIZATION_LEVEL = "-Onone";
			};
			name = Debug;
		};
		A9C733C42311B28D0074D187 /* Release */ = {
			isa = XCBuildConfiguration;
			buildSettings = {
				ALWAYS_SEARCH_USER_PATHS = NO;
				CLANG_ANALYZER_NONNULL = YES;
				CLANG_ANALYZER_NUMBER_OBJECT_CONVERSION = YES_AGGRESSIVE;
				CLANG_CXX_LANGUAGE_STANDARD = "gnu++14";
				CLANG_CXX_LIBRARY = "libc++";
				CLANG_ENABLE_MODULES = YES;
				CLANG_ENABLE_OBJC_ARC = YES;
				CLANG_ENABLE_OBJC_WEAK = YES;
				CLANG_WARN_BLOCK_CAPTURE_AUTORELEASING = YES;
				CLANG_WARN_BOOL_CONVERSION = YES;
				CLANG_WARN_COMMA = YES;
				CLANG_WARN_CONSTANT_CONVERSION = YES;
				CLANG_WARN_DEPRECATED_OBJC_IMPLEMENTATIONS = YES;
				CLANG_WARN_DIRECT_OBJC_ISA_USAGE = YES_ERROR;
				CLANG_WARN_DOCUMENTATION_COMMENTS = YES;
				CLANG_WARN_EMPTY_BODY = YES;
				CLANG_WARN_ENUM_CONVERSION = YES;
				CLANG_WARN_INFINITE_RECURSION = YES;
				CLANG_WARN_INT_CONVERSION = YES;
				CLANG_WARN_NON_LITERAL_NULL_CONVERSION = YES;
				CLANG_WARN_OBJC_IMPLICIT_RETAIN_SELF = YES;
				CLANG_WARN_OBJC_LITERAL_CONVERSION = YES;
				CLANG_WARN_OBJC_ROOT_CLASS = YES_ERROR;
				CLANG_WARN_RANGE_LOOP_ANALYSIS = YES;
				CLANG_WARN_STRICT_PROTOTYPES = YES;
				CLANG_WARN_SUSPICIOUS_MOVE = YES;
				CLANG_WARN_UNGUARDED_AVAILABILITY = YES_AGGRESSIVE;
				CLANG_WARN_UNREACHABLE_CODE = YES;
				CLANG_WARN__DUPLICATE_METHOD_MATCH = YES;
				CODE_SIGN_IDENTITY = "iPhone Developer";
				COPY_PHASE_STRIP = NO;
				DEBUG_INFORMATION_FORMAT = "dwarf-with-dsym";
				ENABLE_NS_ASSERTIONS = NO;
				ENABLE_STRICT_OBJC_MSGSEND = YES;
				GCC_C_LANGUAGE_STANDARD = gnu11;
				GCC_NO_COMMON_BLOCKS = YES;
				GCC_WARN_64_TO_32_BIT_CONVERSION = YES;
				GCC_WARN_ABOUT_RETURN_TYPE = YES_ERROR;
				GCC_WARN_UNDECLARED_SELECTOR = YES;
				GCC_WARN_UNINITIALIZED_AUTOS = YES_AGGRESSIVE;
				GCC_WARN_UNUSED_FUNCTION = YES;
				GCC_WARN_UNUSED_VARIABLE = YES;
				IPHONEOS_DEPLOYMENT_TARGET = 12.2;
				MTL_ENABLE_DEBUG_INFO = NO;
				MTL_FAST_MATH = YES;
				SDKROOT = iphoneos;
				SWIFT_COMPILATION_MODE = wholemodule;
				SWIFT_OPTIMIZATION_LEVEL = "-O";
				VALIDATE_PRODUCT = YES;
			};
			name = Release;
		};
		A9C733C62311B28D0074D187 /* Debug */ = {
			isa = XCBuildConfiguration;
			baseConfigurationReference = 974D2671A2263EECDEF58DB9 /* Pods-RetoHack.debug.xcconfig */;
			buildSettings = {
				ASSETCATALOG_COMPILER_APPICON_NAME = AppIcon;
				CLANG_ENABLE_MODULES = YES;
				CODE_SIGN_STYLE = Automatic;
				DEVELOPMENT_TEAM = XYQR9G9T5T;
				INFOPLIST_FILE = RetoHack/Info.plist;
				LD_RUNPATH_SEARCH_PATHS = (
					"$(inherited)",
					"@executable_path/Frameworks",
				);
				PRODUCT_BUNDLE_IDENTIFIER = com.break.retoHack.RetoHack;
				PRODUCT_NAME = "$(TARGET_NAME)";
				SWIFT_OBJC_BRIDGING_HEADER = "RetoHack/RetoHack-Bridging-Header.h";
				SWIFT_OPTIMIZATION_LEVEL = "-Onone";
				SWIFT_VERSION = 5.0;
				TARGETED_DEVICE_FAMILY = "1,2";
			};
			name = Debug;
		};
		A9C733C72311B28D0074D187 /* Release */ = {
			isa = XCBuildConfiguration;
			baseConfigurationReference = 46A0295A80D5E07AC0C3E5BD /* Pods-RetoHack.release.xcconfig */;
			buildSettings = {
				ASSETCATALOG_COMPILER_APPICON_NAME = AppIcon;
				CLANG_ENABLE_MODULES = YES;
				CODE_SIGN_STYLE = Automatic;
				DEVELOPMENT_TEAM = XYQR9G9T5T;
				INFOPLIST_FILE = RetoHack/Info.plist;
				LD_RUNPATH_SEARCH_PATHS = (
					"$(inherited)",
					"@executable_path/Frameworks",
				);
				PRODUCT_BUNDLE_IDENTIFIER = com.break.retoHack.RetoHack;
				PRODUCT_NAME = "$(TARGET_NAME)";
				SWIFT_OBJC_BRIDGING_HEADER = "RetoHack/RetoHack-Bridging-Header.h";
				SWIFT_VERSION = 5.0;
				TARGETED_DEVICE_FAMILY = "1,2";
			};
			name = Release;
		};
/* End XCBuildConfiguration section */

/* Begin XCConfigurationList section */
		A9C733AB2311B28A0074D187 /* Build configuration list for PBXProject "RetoHack" */ = {
			isa = XCConfigurationList;
			buildConfigurations = (
				A9C733C32311B28D0074D187 /* Debug */,
				A9C733C42311B28D0074D187 /* Release */,
			);
			defaultConfigurationIsVisible = 0;
			defaultConfigurationName = Release;
		};
		A9C733C52311B28D0074D187 /* Build configuration list for PBXNativeTarget "RetoHack" */ = {
			isa = XCConfigurationList;
			buildConfigurations = (
				A9C733C62311B28D0074D187 /* Debug */,
				A9C733C72311B28D0074D187 /* Release */,
			);
			defaultConfigurationIsVisible = 0;
			defaultConfigurationName = Release;
		};
/* End XCConfigurationList section */

/* Begin XCVersionGroup section */
		A9C733BA2311B28A0074D187 /* RetoHack.xcdatamodeld */ = {
			isa = XCVersionGroup;
			children = (
				A9C733BB2311B28A0074D187 /* RetoHack.xcdatamodel */,
			);
			currentVersion = A9C733BB2311B28A0074D187 /* RetoHack.xcdatamodel */;
			path = RetoHack.xcdatamodeld;
			sourceTree = "<group>";
			versionGroupType = wrapper.xcdatamodel;
		};
/* End XCVersionGroup section */
	};
	rootObject = A9C733A82311B28A0074D187 /* Project object */;
}
